
Microsoft Visual Studio Solution File, Format Version 12.00
# Visual Studio Version 16
VisualStudioVersion = 16.0.30128.74
MinimumVisualStudioVersion = 10.0.40219.1
Project("{888888A0-9F3D-457C-B088-3A5042F75D52}") = "AStarPathfinding", "AStarPathfinding.pyproj", "{801FB3AA-ACB6-4AB1-ADE2-3032ACE29295}"
EndProject
Global
	GlobalSection(SolutionConfigurationPlatforms) = preSolution
		Debug|Any CPU = Debug|Any CPU
		Release|Any CPU = Release|Any CPU
	EndGlobalSection
	GlobalSection(ProjectConfigurationPlatforms) = postSolution
		{801FB3AA-ACB6-4AB1-ADE2-3032ACE29295}.Debug|Any CPU.ActiveCfg = Debug|Any CPU
		{801FB3AA-ACB6-4AB1-ADE2-3032ACE29295}.Release|Any CPU.ActiveCfg = Release|Any CPU
	EndGlobalSection
	GlobalSection(SolutionProperties) = preSolution
		HideSolutionNode = FALSE
	EndGlobalSection
	GlobalSection(ExtensibilityGlobals) = postSolution
		SolutionGuid = {0481F9A0-565E-44B5-9DCC-B8E99907541B}
	EndGlobalSection
EndGlobal
